
Microsoft Visual Studio Solution File, Format Version 12.00
# Visual Studio 15
VisualStudioVersion = 15.0.27428.2037
MinimumVisualStudioVersion = 10.0.40219.1
Project("{9A19103F-16F7-4668-BE54-9A1E7A4F7556}") = "SafeHouse", "SafeHouse.Api\SafeHouse.Api.csproj", "{5007D3BC-D27A-4BB5-BA9D-491E5660C512}"
EndProject
Project("{FAE04EC0-301F-11D3-BF4B-00C04F79EFBC}") = "SafeHouse.Business", "SafeHouse.Business\SafeHouse.Business.csproj", "{FBECF166-7975-41A5-A18A-C97D210F787E}"
EndProject
Project("{FAE04EC0-301F-11D3-BF4B-00C04F79EFBC}") = "SafeHouse.Business.Contracts", "SafeHouse.Business.Contracts\SafeHouse.Business.Contracts.csproj", "{82FB50E7-05BC-4BC4-859E-DBA35475C8D9}"
EndProject
Project("{FAE04EC0-301F-11D3-BF4B-00C04F79EFBC}") = "SafeHouse.Data", "SafeHouse.Data\SafeHouse.Data.csproj", "{277E970C-B3D7-4D4F-9102-E042E2437C54}"
EndProject
Project("{FAE04EC0-301F-11D3-BF4B-00C04F79EFBC}") = "SafeHouse.Infrastructure", "SafeHouse.Infrastructure\SafeHouse.Infrastructure.csproj", "{8283ACA2-D2F8-499F-8189-00BCE92BD410}"
EndProject
Project("{FAE04EC0-301F-11D3-BF4B-00C04F79EFBC}") = "SafeHouse.Business.UnitTests", "SafeHouse.Business.UnitTests\SafeHouse.Business.UnitTests.csproj", "{D8A1BC6A-7F7F-4092-A606-2F29F63277B7}"
EndProject
Global
	GlobalSection(SolutionConfigurationPlatforms) = preSolution
		Debug|Any CPU = Debug|Any CPU
		Release|Any CPU = Release|Any CPU
	EndGlobalSection
	GlobalSection(ProjectConfigurationPlatforms) = postSolution
		{5007D3BC-D27A-4BB5-BA9D-491E5660C512}.Debug|Any CPU.ActiveCfg = Debug|Any CPU
		{5007D3BC-D27A-4BB5-BA9D-491E5660C512}.Debug|Any CPU.Build.0 = Debug|Any CPU
		{5007D3BC-D27A-4BB5-BA9D-491E5660C512}.Release|Any CPU.ActiveCfg = Release|Any CPU
		{5007D3BC-D27A-4BB5-BA9D-491E5660C512}.Release|Any CPU.Build.0 = Release|Any CPU
		{FBECF166-7975-41A5-A18A-C97D210F787E}.Debug|Any CPU.ActiveCfg = Debug|Any CPU
		{FBECF166-7975-41A5-A18A-C97D210F787E}.Debug|Any CPU.Build.0 = Debug|Any CPU
		{FBECF166-7975-41A5-A18A-C97D210F787E}.Release|Any CPU.ActiveCfg = Release|Any CPU
		{FBECF166-7975-41A5-A18A-C97D210F787E}.Release|Any CPU.Build.0 = Release|Any CPU
		{82FB50E7-05BC-4BC4-859E-DBA35475C8D9}.Debug|Any CPU.ActiveCfg = Debug|Any CPU
		{82FB50E7-05BC-4BC4-859E-DBA35475C8D9}.Debug|Any CPU.Build.0 = Debug|Any CPU
		{82FB50E7-05BC-4BC4-859E-DBA35475C8D9}.Release|Any CPU.ActiveCfg = Release|Any CPU
		{82FB50E7-05BC-4BC4-859E-DBA35475C8D9}.Release|Any CPU.Build.0 = Release|Any CPU
		{277E970C-B3D7-4D4F-9102-E042E2437C54}.Debug|Any CPU.ActiveCfg = Debug|Any CPU
		{277E970C-B3D7-4D4F-9102-E042E2437C54}.Debug|Any CPU.Build.0 = Debug|Any CPU
		{277E970C-B3D7-4D4F-9102-E042E2437C54}.Release|Any CPU.ActiveCfg = Release|Any CPU
		{277E970C-B3D7-4D4F-9102-E042E2437C54}.Release|Any CPU.Build.0 = Release|Any CPU
		{8283ACA2-D2F8-499F-8189-00BCE92BD410}.Debug|Any CPU.ActiveCfg = Debug|Any CPU
		{8283ACA2-D2F8-499F-8189-00BCE92BD410}.Debug|Any CPU.Build.0 = Debug|Any CPU
		{8283ACA2-D2F8-499F-8189-00BCE92BD410}.Release|Any CPU.ActiveCfg = Release|Any CPU
		{8283ACA2-D2F8-499F-8189-00BCE92BD410}.Release|Any CPU.Build.0 = Release|Any CPU
		{D8A1BC6A-7F7F-4092-A606-2F29F63277B7}.Debug|Any CPU.ActiveCfg = Debug|Any CPU
		{D8A1BC6A-7F7F-4092-A606-2F29F63277B7}.Debug|Any CPU.Build.0 = Debug|Any CPU
		{D8A1BC6A-7F7F-4092-A606-2F29F63277B7}.Release|Any CPU.ActiveCfg = Release|Any CPU
		{D8A1BC6A-7F7F-4092-A606-2F29F63277B7}.Release|Any CPU.Build.0 = Release|Any CPU
	EndGlobalSection
	GlobalSection(SolutionProperties) = preSolution
		HideSolutionNode = FALSE
	EndGlobalSection
	GlobalSection(ExtensibilityGlobals) = postSolution
		SolutionGuid = {EBFF5DBA-B471-4CC3-A215-055662FFD84D}
	EndGlobalSection
EndGlobal
